
Microsoft Visual Studio Solution File, Format Version 12.00
# Visual Studio Version 17
VisualStudioVersion = 17.6.33723.286
MinimumVisualStudioVersion = 10.0.40219.1
Project("{FAE04EC0-301F-11D3-BF4B-00C04F79EFBC}") = "DotNet Assignment 2", "DotNet Assignment 2\DotNet Assignment 2.csproj", "{538BA009-FEDB-45E3-9797-7318A7CBA1F5}"
EndProject
Global
	GlobalSection(SolutionConfigurationPlatforms) = preSolution
		Debug|Any CPU = Debug|Any CPU
		Release|Any CPU = Release|Any CPU
	EndGlobalSection
	GlobalSection(ProjectConfigurationPlatforms) = postSolution
		{538BA009-FEDB-45E3-9797-7318A7CBA1F5}.Debug|Any CPU.ActiveCfg = Debug|Any CPU
		{538BA009-FEDB-45E3-9797-7318A7CBA1F5}.Debug|Any CPU.Build.0 = Debug|Any CPU
		{538BA009-FEDB-45E3-9797-7318A7CBA1F5}.Release|Any CPU.ActiveCfg = Release|Any CPU
		{538BA009-FEDB-45E3-9797-7318A7CBA1F5}.Release|Any CPU.Build.0 = Release|Any CPU
	EndGlobalSection
	GlobalSection(SolutionProperties) = preSolution
		HideSolutionNode = FALSE
	EndGlobalSection
	GlobalSection(ExtensibilityGlobals) = postSolution
		SolutionGuid = {45AF97B5-D49B-4042-93A6-FB843CFBF24D}
	EndGlobalSection
EndGlobal
